
Microsoft Visual Studio Solution File, Format Version 12.00
# Visual Studio 15
VisualStudioVersion = 15.0.28307.421
MinimumVisualStudioVersion = 10.0.40219.1
Project("{FAE04EC0-301F-11D3-BF4B-00C04F79EFBC}") = "RimWorldMaps", "RimWorldMaps\RimWorldMaps.csproj", "{705EEC45-DB77-4342-BA1D-E98BC6757DFA}"
EndProject
Global
	GlobalSection(SolutionConfigurationPlatforms) = preSolution
		Debug|Any CPU = Debug|Any CPU
		Release|Any CPU = Release|Any CPU
	EndGlobalSection
	GlobalSection(ProjectConfigurationPlatforms) = postSolution
		{705EEC45-DB77-4342-BA1D-E98BC6757DFA}.Debug|Any CPU.ActiveCfg = Debug|Any CPU
		{705EEC45-DB77-4342-BA1D-E98BC6757DFA}.Debug|Any CPU.Build.0 = Debug|Any CPU
		{705EEC45-DB77-4342-BA1D-E98BC6757DFA}.Release|Any CPU.ActiveCfg = Release|Any CPU
		{705EEC45-DB77-4342-BA1D-E98BC6757DFA}.Release|Any CPU.Build.0 = Release|Any CPU
	EndGlobalSection
	GlobalSection(SolutionProperties) = preSolution
		HideSolutionNode = FALSE
	EndGlobalSection
	GlobalSection(ExtensibilityGlobals) = postSolution
		SolutionGuid = {2161B919-A2A3-42BE-8FA4-A18432C45483}
	EndGlobalSection
EndGlobal
